github.com/go-pay/bm v0.0.5 h1:ZAg6j1Wagc8JZ88ja7VgEF/g+kKOFzLRNc43bm0ivZc=
github.com/go-pay/bm v0.0.5/go.mod h1:S7ZAxWtyjm7PX54cna4N/RzJ1JAZG8EDukZ2fZaZ+qk=
github.com/go-pay/crypto v0.0.1 h1:B6InT8CLfSLc6nGRVx9VMJRBBazFMjr293+jl0lLXUY=
github.com/go-pay/crypto v0.0.1/go.mod h1:41oEIvHMKbNcYlWUlRWtsnC6+ASgh7u29z0gJXe5bes=
github.com/go-pay/util v0.0.4 h1:TuwSU9o3Qd7m9v1PbzFuIA/8uO9FJnA6P7neG/NwPyk=
github.com/go-pay/util v0.0.4/go.mod h1:Tsdhs8Ib9J9b4+NKNO1PHh5hWHhlg98PthsX0ckq6PM=
github.com/go-pay/xhttp v0.0.3 h1:9Vke2QeY0xs8E9oyb3bi94v47N25ZdGgZOIG1hgCgKA=
github.com/go-pay/xhttp v0.0.3/go.mod h1:LDNKLp+C6UJRZSAcxI4z4BYtRs3ksbgxPQl1W9HQGXs=
github.com/go-pay/xlog v0.0.3 h1:avyMhCL/JgBHreoGx/am/kHxfs1udDOAeVqbmzP/Yes=
github.com/go-pay/xlog v0.0.3/go.mod h1:mH47xbobrdsSHWsmFtSF5agWbMHFP+tK0ZbVCk5OAEw=
github.com/go-pay/xtime v0.0.2 h1:7YR4/iuELsEHpJ6LUO0SVK80hQxDO9MLCfuVYIiTCRM=
github.com/go-pay/xtime v0.0.2/go.mod h1:W1yRbJaSt4CSBcdAtLBQ8xajiN/Pl5hquGczUcUE9xE=
